
Microsoft Visual Studio Solution File, Format Version 12.00
# Visual Studio Version 17
VisualStudioVersion = 17.14.36408.4 d17.14
MinimumVisualStudioVersion = 10.0.40219.1
Project("{FAE04EC0-301F-11D3-BF4B-00C04F79EFBC}") = "Api_TaskManagement", "Api_TaskManagement.csproj", "{4BAF663C-0C05-4916-833B-36AC4311B288}"
EndProject
Global
	GlobalSection(SolutionConfigurationPlatforms) = preSolution
		Debug|Any CPU = Debug|Any CPU
		Release|Any CPU = Release|Any CPU
	EndGlobalSection
	GlobalSection(ProjectConfigurationPlatforms) = postSolution
		{4BAF663C-0C05-4916-833B-36AC4311B288}.Debug|Any CPU.ActiveCfg = Debug|Any CPU
		{4BAF663C-0C05-4916-833B-36AC4311B288}.Debug|Any CPU.Build.0 = Debug|Any CPU
		{4BAF663C-0C05-4916-833B-36AC4311B288}.Release|Any CPU.ActiveCfg = Release|Any CPU
		{4BAF663C-0C05-4916-833B-36AC4311B288}.Release|Any CPU.Build.0 = Release|Any CPU
	EndGlobalSection
	GlobalSection(SolutionProperties) = preSolution
		HideSolutionNode = FALSE
	EndGlobalSection
	GlobalSection(ExtensibilityGlobals) = postSolution
		SolutionGuid = {6B8211AD-B6AB-4751-A49D-7BB8E75E6090}
	EndGlobalSection
EndGlobal
